<?xml version="1.0" encoding="utf-8"?>
<Project ToolsVersion="4.0" xmlns="http://schemas.microsoft.com/developer/msbuild/2003">
  <ItemGroup>
    <Filter Include="Source Files">
      <UniqueIdentifier>{4FC737F1-C7A5-4376-A066-2A32D752A2FF}</UniqueIdentifier>
      <Extensions>cpp;c;cc;cxx;def;odl;idl;hpj;bat;asm;asmx</Extensions>
    </Filter>
    <Filter Include="Header Files">
      <UniqueIdentifier>{93995380-89BD-4b04-88EB-625FBE52EBFB}</UniqueIdentifier>
      <Extensions>h;hh;hpp;hxx;hm;inl;inc;ipp;xsd</Extensions>
    </Filter>
    <Filter Include="Resource Files">
      <UniqueIdentifier>{67DA6AB6-F800-4c08-8B7A-83BB121AAD01}</UniqueIdentifier>
      <Extensions>rc;ico;cur;bmp;dlg;rc2;rct;bin;rgs;gif;jpg;jpeg;jpe;resx;tiff;tif;png;wav;mfcribbon-ms</Extensions>
    </Filter>
  </ItemGroup>
  <ItemGroup>
    <ClCompile Include="main.cpp">
      <Filter>Source Files</Filter>
    </ClCompile>
    <ClCompile Include="src\Application.cpp">
      <Filter>Source Files</Filter>
    </ClCompile>
    <ClCompile Include="src\specifics\StateMenu.cpp">
      <Filter>Source Files</Filter>
    </ClCompile>
    <ClCompile Include="src\Button.cpp">
      <Filter>Source Files</Filter>
    </ClCompile>
    <ClCompile Include="src\specifics\Vars.cpp">
      <Filter>Source Files</Filter>
    </ClCompile>
    <ClCompile Include="src\specifics\TransitionAnim.cpp">
      <Filter>Source Files</Filter>
    </ClCompile>
    <ClCompile Include="src\specifics\StatePlayfield.cpp">
      <Filter>Source Files</Filter>
    </ClCompile>
    <ClCompile Include="src\specifics\State.cpp">
      <Filter>Source Files</Filter>
    </ClCompile>
    <ClCompile Include="src\specifics\playfield\Object.cpp">
      <Filter>Source Files</Filter>
    </ClCompile>
    <ClCompile Include="src\specifics\playfield\Germ.cpp">
      <Filter>Source Files</Filter>
    </ClCompile>
    <ClCompile Include="src\specifics\playfield\GermClasses.cpp">
      <Filter>Source Files</Filter>
    </ClCompile>
    <ClCompile Include="src\specifics\playfield\Food.cpp">
      <Filter>Source Files</Filter>
    </ClCompile>
    <ClCompile Include="src\specifics\playfield\Playfield.cpp">
      <Filter>Source Files</Filter>
    </ClCompile>
    <ClCompile Include="src\specifics\playfield\AIController.cpp">
      <Filter>Source Files</Filter>
    </ClCompile>
    <ClCompile Include="src\specifics\playfield\EmptySpace.cpp">
      <Filter>Source Files</Filter>
    </ClCompile>
    <ClCompile Include="src\specifics\playfield\EventMgr.cpp">
      <Filter>Source Files</Filter>
    </ClCompile>
    <ClCompile Include="src\specifics\playfield\animator\Animator.cpp">
      <Filter>Source Files</Filter>
    </ClCompile>
    <ClCompile Include="src\specifics\playfield\StatBar.cpp">
      <Filter>Source Files</Filter>
    </ClCompile>
  </ItemGroup>
  <ItemGroup>
    <ClInclude Include="src\Application.h">
      <Filter>Header Files</Filter>
    </ClInclude>
    <ClInclude Include="src\specifics\StateMenu.h">
      <Filter>Header Files</Filter>
    </ClInclude>
    <ClInclude Include="src\Button.h">
      <Filter>Header Files</Filter>
    </ClInclude>
    <ClInclude Include="src\specifics\Vars.h">
      <Filter>Header Files</Filter>
    </ClInclude>
    <ClInclude Include="src\specifics\TransitionAnim.h">
      <Filter>Header Files</Filter>
    </ClInclude>
    <ClInclude Include="src\specifics\StatePlayfield.h">
      <Filter>Header Files</Filter>
    </ClInclude>
    <ClInclude Include="src\specifics\State.h">
      <Filter>Header Files</Filter>
    </ClInclude>
    <ClInclude Include="src\specifics\playfield\Object.h">
      <Filter>Header Files</Filter>
    </ClInclude>
    <ClInclude Include="src\specifics\playfield\Germ.h">
      <Filter>Header Files</Filter>
    </ClInclude>
    <ClInclude Include="src\specifics\playfield\GermClasses.h">
      <Filter>Header Files</Filter>
    </ClInclude>
    <ClInclude Include="src\specifics\playfield\Food.h">
      <Filter>Header Files</Filter>
    </ClInclude>
    <ClInclude Include="src\specifics\playfield\Playfield.h">
      <Filter>Header Files</Filter>
    </ClInclude>
    <ClInclude Include="src\specifics\playfield\AIController.h">
      <Filter>Header Files</Filter>
    </ClInclude>
    <ClInclude Include="src\specifics\playfield\EmptySpace.h">
      <Filter>Header Files</Filter>
    </ClInclude>
    <ClInclude Include="src\specifics\playfield\EventMgr.h">
      <Filter>Header Files</Filter>
    </ClInclude>
    <ClInclude Include="src\specifics\playfield\animator\Animator.h">
      <Filter>Header Files</Filter>
    </ClInclude>
    <ClInclude Include="src\specifics\playfield\animator\Animation.h">
      <Filter>Header Files</Filter>
    </ClInclude>
    <ClInclude Include="src\specifics\playfield\animator\PopUp.h">
      <Filter>Header Files</Filter>
    </ClInclude>
    <ClInclude Include="src\specifics\playfield\animator\DeathAnim.h">
      <Filter>Header Files</Filter>
    </ClInclude>
    <ClInclude Include="src\specifics\playfield\StatBar.h">
      <Filter>Header Files</Filter>
    </ClInclude>
  </ItemGroup>
</Project>